
Microsoft Visual Studio Solution File, Format Version 12.00
# Visual Studio Version 17
VisualStudioVersion = 17.4.33122.133
MinimumVisualStudioVersion = 10.0.40219.1
Project("{FAE04EC0-301F-11D3-BF4B-00C04F79EFBC}") = "Curs", "Curs\Curs.csproj", "{40868959-9BA8-4960-8477-A54D27592809}"
EndProject
Global
	GlobalSection(SolutionConfigurationPlatforms) = preSolution
		Debug|Any CPU = Debug|Any CPU
		Release|Any CPU = Release|Any CPU
	EndGlobalSection
	GlobalSection(ProjectConfigurationPlatforms) = postSolution
		{40868959-9BA8-4960-8477-A54D27592809}.Debug|Any CPU.ActiveCfg = Debug|Any CPU
		{40868959-9BA8-4960-8477-A54D27592809}.Debug|Any CPU.Build.0 = Debug|Any CPU
		{40868959-9BA8-4960-8477-A54D27592809}.Release|Any CPU.ActiveCfg = Release|Any CPU
		{40868959-9BA8-4960-8477-A54D27592809}.Release|Any CPU.Build.0 = Release|Any CPU
	EndGlobalSection
	GlobalSection(SolutionProperties) = preSolution
		HideSolutionNode = FALSE
	EndGlobalSection
	GlobalSection(ExtensibilityGlobals) = postSolution
		SolutionGuid = {47074DC7-51EF-41F9-A2AE-4974EC46413E}
	EndGlobalSection
EndGlobal
